
Microsoft Visual Studio Solution File, Format Version 12.00
# Visual Studio Version 17
VisualStudioVersion = 17.11.35222.181
MinimumVisualStudioVersion = 10.0.40219.1
Project("{888888A0-9F3D-457C-B088-3A5042F75D52}") = "3D Protein Prediction Model from Amino Acid Sequence", "3D Protein Prediction Model from Amino Acid Sequence\3D Protein Prediction Model from Amino Acid Sequence.pyproj", "{EAF3C49C-B286-4B05-8EBC-B4CD630BB6C2}"
EndProject
Global
	GlobalSection(SolutionConfigurationPlatforms) = preSolution
		Debug|Any CPU = Debug|Any CPU
		Release|Any CPU = Release|Any CPU
	EndGlobalSection
	GlobalSection(ProjectConfigurationPlatforms) = postSolution
		{EAF3C49C-B286-4B05-8EBC-B4CD630BB6C2}.Debug|Any CPU.ActiveCfg = Debug|Any CPU
		{EAF3C49C-B286-4B05-8EBC-B4CD630BB6C2}.Release|Any CPU.ActiveCfg = Release|Any CPU
	EndGlobalSection
	GlobalSection(SolutionProperties) = preSolution
		HideSolutionNode = FALSE
	EndGlobalSection
	GlobalSection(ExtensibilityGlobals) = postSolution
		SolutionGuid = {BDF72827-0495-4F39-A8B3-65C7466A7D6B}
	EndGlobalSection
EndGlobal
